
Microsoft Visual Studio Solution File, Format Version 12.00
# Visual Studio Version 16
VisualStudioVersion = 16.0.30503.244
MinimumVisualStudioVersion = 10.0.40219.1
Project("{FAE04EC0-301F-11D3-BF4B-00C04F79EFBC}") = "WpfApp1", "WpfApp1\WpfApp1.csproj", "{E77BD9EB-D760-4631-BBCE-E48E7CEF03FD}"
EndProject
Global
	GlobalSection(SolutionConfigurationPlatforms) = preSolution
		Debug|Any CPU = Debug|Any CPU
		Release|Any CPU = Release|Any CPU
	EndGlobalSection
	GlobalSection(ProjectConfigurationPlatforms) = postSolution
		{E77BD9EB-D760-4631-BBCE-E48E7CEF03FD}.Debug|Any CPU.ActiveCfg = Debug|Any CPU
		{E77BD9EB-D760-4631-BBCE-E48E7CEF03FD}.Debug|Any CPU.Build.0 = Debug|Any CPU
		{E77BD9EB-D760-4631-BBCE-E48E7CEF03FD}.Release|Any CPU.ActiveCfg = Release|Any CPU
		{E77BD9EB-D760-4631-BBCE-E48E7CEF03FD}.Release|Any CPU.Build.0 = Release|Any CPU
	EndGlobalSection
	GlobalSection(SolutionProperties) = preSolution
		HideSolutionNode = FALSE
	EndGlobalSection
	GlobalSection(ExtensibilityGlobals) = postSolution
		SolutionGuid = {B0DB5386-B2D1-4DDB-A975-2DFCFD2E7C29}
	EndGlobalSection
EndGlobal
